// !$*UTF8*$!
{
	archiveVersion = 1;
	classes = {
	};
	objectVersion = 46;
	objects = {

/* Begin PBXBuildFile section */
		29F9D21005C7875678FB2B4D /* libPods-Tests.a in Frameworks */ = {isa = PBXBuildFile; fileRef = 59BD818E474FFC16554DD063 /* libPods-Tests.a */; };
		2F3D6B801E61A37400CF7881 /* UIViewController+Alert.swift in Sources */ = {isa = PBXBuildFile; fileRef = 2F3D6B7F1E61A37400CF7881 /* UIViewController+Alert.swift */; };
		2F3D6B861E61D0AC00CF7881 /* ApiClient.swift in Sources */ = {isa = PBXBuildFile; fileRef = 2F3D6B851E61D0AC00CF7881 /* ApiClient.swift */; };
		2FC6C46F1E60B542005539F5 /* AppDelegate.swift in Sources */ = {isa = PBXBuildFile; fileRef = 2FC6C46E1E60B542005539F5 /* AppDelegate.swift */; };
		2FC6C4741E60B542005539F5 /* Main.storyboard in Resources */ = {isa = PBXBuildFile; fileRef = 2FC6C4721E60B542005539F5 /* Main.storyboard */; };
		2FC6C4791E60B542005539F5 /* Assets.xcassets in Resources */ = {isa = PBXBuildFile; fileRef = 2FC6C4781E60B542005539F5 /* Assets.xcassets */; };
		2FC6C4981E60B5C4005539F5 /* ViewRouter.swift in Sources */ = {isa = PBXBuildFile; fileRef = 2FC6C4961E60B5C4005539F5 /* ViewRouter.swift */; };
		2FC6C4A31E60B65E005539F5 /* Result.swift in Sources */ = {isa = PBXBuildFile; fileRef = 2FC6C4A21E60B65E005539F5 /* Result.swift */; };
		3197DD2FBB25FAFFDAE2B0B7 /* libPods-Currency.a in Frameworks */ = {isa = PBXBuildFile; fileRef = CA699B7C93CAEB78E3124608 /* libPods-Currency.a */; };
		730CE22A2559406600EDBF73 /* GetTransactionsUseCaseTest.swift in Sources */ = {isa = PBXBuildFile; fileRef = 730CE2292559406600EDBF73 /* GetTransactionsUseCaseTest.swift */; };
		730CE22E255940FA00EDBF73 /* GetTransactionsUseCaseSpy.swift in Sources */ = {isa = PBXBuildFile; fileRef = 730CE22D255940FA00EDBF73 /* GetTransactionsUseCaseSpy.swift */; };
		730CE2322559495900EDBF73 /* XCTestHelpers.swift in Sources */ = {isa = PBXBuildFile; fileRef = 730CE2312559495900EDBF73 /* XCTestHelpers.swift */; };
		730CE23625594A0200EDBF73 /* TransactionsPresenterTest.swift in Sources */ = {isa = PBXBuildFile; fileRef = 730CE23525594A0200EDBF73 /* TransactionsPresenterTest.swift */; };
		730CE23A25594A1B00EDBF73 /* TransactionsPresenterStub.swift in Sources */ = {isa = PBXBuildFile; fileRef = 730CE23925594A1B00EDBF73 /* TransactionsPresenterStub.swift */; };
		730CE23E25594A6000EDBF73 /* TransactionsRouterSpy.swift in Sources */ = {isa = PBXBuildFile; fileRef = 730CE23D25594A6000EDBF73 /* TransactionsRouterSpy.swift */; };
		730CE24225594B3900EDBF73 /* TransactionsViewSpy.swift in Sources */ = {isa = PBXBuildFile; fileRef = 730CE24125594B3900EDBF73 /* TransactionsViewSpy.swift */; };
		730D4B1925566BEA00D6F67E /* AccountsPresenterStub.swift in Sources */ = {isa = PBXBuildFile; fileRef = 730D4B1825566BEA00D6F67E /* AccountsPresenterStub.swift */; };
		730D4B1D25566D5400D6F67E /* AccountsPresenterTest.swift in Sources */ = {isa = PBXBuildFile; fileRef = 730D4B1C25566D5400D6F67E /* AccountsPresenterTest.swift */; };
		730D4B2125566DAC00D6F67E /* GetAccountsUseCaseSpy.swift in Sources */ = {isa = PBXBuildFile; fileRef = 730D4B2025566DAC00D6F67E /* GetAccountsUseCaseSpy.swift */; };
		730D4B2525566E2A00D6F67E /* AccountsViewSpy.swift in Sources */ = {isa = PBXBuildFile; fileRef = 730D4B2425566E2A00D6F67E /* AccountsViewSpy.swift */; };
		730D4B2925566E3500D6F67E /* AccountCellSpy.swift in Sources */ = {isa = PBXBuildFile; fileRef = 730D4B2825566E3500D6F67E /* AccountCellSpy.swift */; };
		730D4B2D25566F5000D6F67E /* AccountsRouterSpy.swift in Sources */ = {isa = PBXBuildFile; fileRef = 730D4B2C25566F5000D6F67E /* AccountsRouterSpy.swift */; };
		730D4B3125567AB900D6F67E /* GetAccountsUseCaseTest.swift in Sources */ = {isa = PBXBuildFile; fileRef = 730D4B3025567AB900D6F67E /* GetAccountsUseCaseTest.swift */; };
		730DDBBA25556EA50067128E /* AccountsViewController.swift in Sources */ = {isa = PBXBuildFile; fileRef = 730DDBB925556EA50067128E /* AccountsViewController.swift */; };
		730DDBBE25556EB20067128E /* AccountsPresenter.swift in Sources */ = {isa = PBXBuildFile; fileRef = 730DDBBD25556EB20067128E /* AccountsPresenter.swift */; };
		730DDBC225556ECA0067128E /* AccountsRouter.swift in Sources */ = {isa = PBXBuildFile; fileRef = 730DDBC125556ECA0067128E /* AccountsRouter.swift */; };
		730DDBC625556EDF0067128E /* AccountsConfigurator.swift in Sources */ = {isa = PBXBuildFile; fileRef = 730DDBC525556EDF0067128E /* AccountsConfigurator.swift */; };
		730DDBCA25556EEC0067128E /* AccountCell.swift in Sources */ = {isa = PBXBuildFile; fileRef = 730DDBC925556EEC0067128E /* AccountCell.swift */; };
		730DDBCE25556F0D0067128E /* TransactionsViewController.swift in Sources */ = {isa = PBXBuildFile; fileRef = 730DDBCD25556F0D0067128E /* TransactionsViewController.swift */; };
		730DDBD225556F160067128E /* TransactionsPresenter.swift in Sources */ = {isa = PBXBuildFile; fileRef = 730DDBD125556F160067128E /* TransactionsPresenter.swift */; };
		730DDBD625556F210067128E /* TransactionsRouter.swift in Sources */ = {isa = PBXBuildFile; fileRef = 730DDBD525556F210067128E /* TransactionsRouter.swift */; };
		730DDBDA25556F2D0067128E /* TransactionsConfigurator.swift in Sources */ = {isa = PBXBuildFile; fileRef = 730DDBD925556F2D0067128E /* TransactionsConfigurator.swift */; };
		730DDBDE25556F370067128E /* TransactionCell.swift in Sources */ = {isa = PBXBuildFile; fileRef = 730DDBDD25556F370067128E /* TransactionCell.swift */; };
		730DDBE2255570FA0067128E /* GetAccounts.swift in Sources */ = {isa = PBXBuildFile; fileRef = 730DDBE1255570FA0067128E /* GetAccounts.swift */; };
		7310E7CD2335CC9400F275DF /* Helpers.swift in Sources */ = {isa = PBXBuildFile; fileRef = 7310E7CC2335CC9400F275DF /* Helpers.swift */; };
		73316B2B2333A53700394C5F /* LocalPersistCurrenciesGateway.swift in Sources */ = {isa = PBXBuildFile; fileRef = 73316B2A2333A53700394C5F /* LocalPersistCurrenciesGateway.swift */; };
		7333A3EC1F5AD45F00996C84 /* ApiRequest.swift in Sources */ = {isa = PBXBuildFile; fileRef = 7333A3EB1F5AD45F00996C84 /* ApiRequest.swift */; };
		7346E8562335168900AEC31C /* LocalPersistCurrenciesGatewaySpy.swift in Sources */ = {isa = PBXBuildFile; fileRef = 7346E8552335168900AEC31C /* LocalPersistCurrenciesGatewaySpy.swift */; };
		7346E858233516A000AEC31C /* ApiCurrenciesGatewaySpy.swift in Sources */ = {isa = PBXBuildFile; fileRef = 7346E857233516A000AEC31C /* ApiCurrenciesGatewaySpy.swift */; };
		7346E85D233517BB00AEC31C /* CacheCurrenciesGatewayTest.swift in Sources */ = {isa = PBXBuildFile; fileRef = 7346E85C233517BB00AEC31C /* CacheCurrenciesGatewayTest.swift */; };
		7346E85F2335194B00AEC31C /* LocalPersistCurrenciesGatewayTest.swift in Sources */ = {isa = PBXBuildFile; fileRef = 7346E85E2335194B00AEC31C /* LocalPersistCurrenciesGatewayTest.swift */; };
		734BA0FF1F5C03A00006B3D4 /* CacheCurrenciesGateway.swift in Sources */ = {isa = PBXBuildFile; fileRef = 734BA0FE1F5C03A00006B3D4 /* CacheCurrenciesGateway.swift */; };
		7370A2261F682B400062C4F9 /* Constants.swift in Sources */ = {isa = PBXBuildFile; fileRef = 7370A2251F682B400062C4F9 /* Constants.swift */; };
		738485952335BB6E00D3CA86 /* CurrenciesGatewaySpy.swift in Sources */ = {isa = PBXBuildFile; fileRef = 738485942335BB6E00D3CA86 /* CurrenciesGatewaySpy.swift */; };
		739827EF1F56EC7A00730BE6 /* CurrenciesGateway.swift in Sources */ = {isa = PBXBuildFile; fileRef = 739827EE1F56EC7A00730BE6 /* CurrenciesGateway.swift */; };
		739827F31F56FF2B00730BE6 /* ApiCurrenciesGateway.swift in Sources */ = {isa = PBXBuildFile; fileRef = 739827F21F56FF2B00730BE6 /* ApiCurrenciesGateway.swift */; };
		73D3803F255429F7000F18BE /* transactions_2.json in Resources */ = {isa = PBXBuildFile; fileRef = 73D3803B255429F7000F18BE /* transactions_2.json */; };
		73D38040255429F7000F18BE /* transactions_2.json in Resources */ = {isa = PBXBuildFile; fileRef = 73D3803B255429F7000F18BE /* transactions_2.json */; };
		73D38041255429F7000F18BE /* accounts.json in Resources */ = {isa = PBXBuildFile; fileRef = 73D3803C255429F7000F18BE /* accounts.json */; };
		73D38042255429F7000F18BE /* accounts.json in Resources */ = {isa = PBXBuildFile; fileRef = 73D3803C255429F7000F18BE /* accounts.json */; };
		73D38043255429F7000F18BE /* transactions_1.json in Resources */ = {isa = PBXBuildFile; fileRef = 73D3803D255429F7000F18BE /* transactions_1.json */; };
		73D38044255429F7000F18BE /* transactions_1.json in Resources */ = {isa = PBXBuildFile; fileRef = 73D3803D255429F7000F18BE /* transactions_1.json */; };
		73D38045255429F7000F18BE /* transactions_3.json in Resources */ = {isa = PBXBuildFile; fileRef = 73D3803E255429F7000F18BE /* transactions_3.json */; };
		73D38046255429F7000F18BE /* transactions_3.json in Resources */ = {isa = PBXBuildFile; fileRef = 73D3803E255429F7000F18BE /* transactions_3.json */; };
		73D3805925543335000F18BE /* GetAccountsApiRequest.swift in Sources */ = {isa = PBXBuildFile; fileRef = 73D3805825543335000F18BE /* GetAccountsApiRequest.swift */; };
		73D3805D25543353000F18BE /* GetTransactionsApiRequest.swift in Sources */ = {isa = PBXBuildFile; fileRef = 73D3805C25543353000F18BE /* GetTransactionsApiRequest.swift */; };
		73D3806325543B4C000F18BE /* GetAccountsResponse.swift in Sources */ = {isa = PBXBuildFile; fileRef = 73D3806225543B4C000F18BE /* GetAccountsResponse.swift */; };
		73D3806725543B58000F18BE /* GetTransactionsResponse.swift in Sources */ = {isa = PBXBuildFile; fileRef = 73D3806625543B58000F18BE /* GetTransactionsResponse.swift */; };
		73D3806B25543BD2000F18BE /* Account.swift in Sources */ = {isa = PBXBuildFile; fileRef = 73D3806A25543BD2000F18BE /* Account.swift */; };
		73D3806F25543BE2000F18BE /* Transaction.swift in Sources */ = {isa = PBXBuildFile; fileRef = 73D3806E25543BE2000F18BE /* Transaction.swift */; };
		73D3807525543FC0000F18BE /* GetTransactions.swift in Sources */ = {isa = PBXBuildFile; fileRef = 73D3807425543FC0000F18BE /* GetTransactions.swift */; };
		73E4836F2556A68B00B25D40 /* TableSection.swift in Sources */ = {isa = PBXBuildFile; fileRef = 73E4836E2556A68B00B25D40 /* TableSection.swift */; };
/* End PBXBuildFile section */

/* Begin PBXContainerItemProxy section */
		73880E0D1F8670FA005E24FB /* PBXContainerItemProxy */ = {
			isa = PBXContainerItemProxy;
			containerPortal = 2FC6C4631E60B542005539F5 /* Project object */;
			proxyType = 1;
			remoteGlobalIDString = 2FC6C46A1E60B542005539F5;
			remoteInfo = PhotoViewer;
		};
/* End PBXContainerItemProxy section */

/* Begin PBXFileReference section */
		2F3D6B7F1E61A37400CF7881 /* UIViewController+Alert.swift */ = {isa = PBXFileReference; fileEncoding = 4; lastKnownFileType = sourcecode.swift; path = "UIViewController+Alert.swift"; sourceTree = "<group>"; };
		2F3D6B851E61D0AC00CF7881 /* ApiClient.swift */ = {isa = PBXFileReference; fileEncoding = 4; lastKnownFileType = sourcecode.swift; path = ApiClient.swift; sourceTree = "<group>"; };
		2FC6C46B1E60B542005539F5 /* Currency.app */ = {isa = PBXFileReference; explicitFileType = wrapper.application; includeInIndex = 0; path = Currency.app; sourceTree = BUILT_PRODUCTS_DIR; };
		2FC6C46E1E60B542005539F5 /* AppDelegate.swift */ = {isa = PBXFileReference; lastKnownFileType = sourcecode.swift; path = AppDelegate.swift; sourceTree = "<group>"; };
		2FC6C4731E60B542005539F5 /* Base */ = {isa = PBXFileReference; lastKnownFileType = file.storyboard; name = Base; path = Base.lproj/Main.storyboard; sourceTree = "<group>"; };
		2FC6C4781E60B542005539F5 /* Assets.xcassets */ = {isa = PBXFileReference; lastKnownFileType = folder.assetcatalog; path = Assets.xcassets; sourceTree = "<group>"; };
		2FC6C47D1E60B542005539F5 /* Info.plist */ = {isa = PBXFileReference; lastKnownFileType = text.plist.xml; path = Info.plist; sourceTree = "<group>"; };
		2FC6C4961E60B5C4005539F5 /* ViewRouter.swift */ = {isa = PBXFileReference; fileEncoding = 4; lastKnownFileType = sourcecode.swift; path = ViewRouter.swift; sourceTree = "<group>"; };
		2FC6C4A21E60B65E005539F5 /* Result.swift */ = {isa = PBXFileReference; fileEncoding = 4; lastKnownFileType = sourcecode.swift; path = Result.swift; sourceTree = "<group>"; };
		3DA892778BA41E00AECECAB0 /* Pods-Tests.debug.xcconfig */ = {isa = PBXFileReference; includeInIndex = 1; lastKnownFileType = text.xcconfig; name = "Pods-Tests.debug.xcconfig"; path = "Pods/Target Support Files/Pods-Tests/Pods-Tests.debug.xcconfig"; sourceTree = "<group>"; };
		59BD818E474FFC16554DD063 /* libPods-Tests.a */ = {isa = PBXFileReference; explicitFileType = archive.ar; includeInIndex = 0; path = "libPods-Tests.a"; sourceTree = BUILT_PRODUCTS_DIR; };
		730CE2292559406600EDBF73 /* GetTransactionsUseCaseTest.swift */ = {isa = PBXFileReference; lastKnownFileType = sourcecode.swift; path = GetTransactionsUseCaseTest.swift; sourceTree = "<group>"; };
		730CE22D255940FA00EDBF73 /* GetTransactionsUseCaseSpy.swift */ = {isa = PBXFileReference; lastKnownFileType = sourcecode.swift; path = GetTransactionsUseCaseSpy.swift; sourceTree = "<group>"; };
		730CE2312559495900EDBF73 /* XCTestHelpers.swift */ = {isa = PBXFileReference; lastKnownFileType = sourcecode.swift; path = XCTestHelpers.swift; sourceTree = "<group>"; };
		730CE23525594A0200EDBF73 /* TransactionsPresenterTest.swift */ = {isa = PBXFileReference; lastKnownFileType = sourcecode.swift; path = TransactionsPresenterTest.swift; sourceTree = "<group>"; };
		730CE23925594A1B00EDBF73 /* TransactionsPresenterStub.swift */ = {isa = PBXFileReference; lastKnownFileType = sourcecode.swift; path = TransactionsPresenterStub.swift; sourceTree = "<group>"; };
		730CE23D25594A6000EDBF73 /* TransactionsRouterSpy.swift */ = {isa = PBXFileReference; lastKnownFileType = sourcecode.swift; path = TransactionsRouterSpy.swift; sourceTree = "<group>"; };
		730CE24125594B3900EDBF73 /* TransactionsViewSpy.swift */ = {isa = PBXFileReference; lastKnownFileType = sourcecode.swift; path = TransactionsViewSpy.swift; sourceTree = "<group>"; };
		730D4B1825566BEA00D6F67E /* AccountsPresenterStub.swift */ = {isa = PBXFileReference; lastKnownFileType = sourcecode.swift; path = AccountsPresenterStub.swift; sourceTree = "<group>"; };
		730D4B1C25566D5400D6F67E /* AccountsPresenterTest.swift */ = {isa = PBXFileReference; lastKnownFileType = sourcecode.swift; path = AccountsPresenterTest.swift; sourceTree = "<group>"; };
		730D4B2025566DAC00D6F67E /* GetAccountsUseCaseSpy.swift */ = {isa = PBXFileReference; lastKnownFileType = sourcecode.swift; path = GetAccountsUseCaseSpy.swift; sourceTree = "<group>"; };
		730D4B2425566E2A00D6F67E /* AccountsViewSpy.swift */ = {isa = PBXFileReference; lastKnownFileType = sourcecode.swift; path = AccountsViewSpy.swift; sourceTree = "<group>"; };
		730D4B2825566E3500D6F67E /* AccountCellSpy.swift */ = {isa = PBXFileReference; lastKnownFileType = sourcecode.swift; path = AccountCellSpy.swift; sourceTree = "<group>"; };
		730D4B2C25566F5000D6F67E /* AccountsRouterSpy.swift */ = {isa = PBXFileReference; lastKnownFileType = sourcecode.swift; path = AccountsRouterSpy.swift; sourceTree = "<group>"; };
		730D4B3025567AB900D6F67E /* GetAccountsUseCaseTest.swift */ = {isa = PBXFileReference; lastKnownFileType = sourcecode.swift; path = GetAccountsUseCaseTest.swift; sourceTree = "<group>"; };
		730DDBB925556EA50067128E /* AccountsViewController.swift */ = {isa = PBXFileReference; lastKnownFileType = sourcecode.swift; path = AccountsViewController.swift; sourceTree = "<group>"; };
		730DDBBD25556EB20067128E /* AccountsPresenter.swift */ = {isa = PBXFileReference; lastKnownFileType = sourcecode.swift; path = AccountsPresenter.swift; sourceTree = "<group>"; };
		730DDBC125556ECA0067128E /* AccountsRouter.swift */ = {isa = PBXFileReference; lastKnownFileType = sourcecode.swift; path = AccountsRouter.swift; sourceTree = "<group>"; };
		730DDBC525556EDF0067128E /* AccountsConfigurator.swift */ = {isa = PBXFileReference; lastKnownFileType = sourcecode.swift; path = AccountsConfigurator.swift; sourceTree = "<group>"; };
		730DDBC925556EEC0067128E /* AccountCell.swift */ = {isa = PBXFileReference; lastKnownFileType = sourcecode.swift; path = AccountCell.swift; sourceTree = "<group>"; };
		730DDBCD25556F0D0067128E /* TransactionsViewController.swift */ = {isa = PBXFileReference; lastKnownFileType = sourcecode.swift; path = TransactionsViewController.swift; sourceTree = "<group>"; };
		730DDBD125556F160067128E /* TransactionsPresenter.swift */ = {isa = PBXFileReference; lastKnownFileType = sourcecode.swift; path = TransactionsPresenter.swift; sourceTree = "<group>"; };
		730DDBD525556F210067128E /* TransactionsRouter.swift */ = {isa = PBXFileReference; lastKnownFileType = sourcecode.swift; path = TransactionsRouter.swift; sourceTree = "<group>"; };
		730DDBD925556F2D0067128E /* TransactionsConfigurator.swift */ = {isa = PBXFileReference; lastKnownFileType = sourcecode.swift; path = TransactionsConfigurator.swift; sourceTree = "<group>"; };
		730DDBDD25556F370067128E /* TransactionCell.swift */ = {isa = PBXFileReference; lastKnownFileType = sourcecode.swift; path = TransactionCell.swift; sourceTree = "<group>"; };
		730DDBE1255570FA0067128E /* GetAccounts.swift */ = {isa = PBXFileReference; lastKnownFileType = sourcecode.swift; path = GetAccounts.swift; sourceTree = "<group>"; };
		7310E7CC2335CC9400F275DF /* Helpers.swift */ = {isa = PBXFileReference; lastKnownFileType = sourcecode.swift; path = Helpers.swift; sourceTree = "<group>"; };
		73316B2A2333A53700394C5F /* LocalPersistCurrenciesGateway.swift */ = {isa = PBXFileReference; lastKnownFileType = sourcecode.swift; path = LocalPersistCurrenciesGateway.swift; sourceTree = "<group>"; };
		7333A3EB1F5AD45F00996C84 /* ApiRequest.swift */ = {isa = PBXFileReference; fileEncoding = 4; lastKnownFileType = sourcecode.swift; path = ApiRequest.swift; sourceTree = "<group>"; };
		7346E8552335168900AEC31C /* LocalPersistCurrenciesGatewaySpy.swift */ = {isa = PBXFileReference; lastKnownFileType = sourcecode.swift; path = LocalPersistCurrenciesGatewaySpy.swift; sourceTree = "<group>"; };
		7346E857233516A000AEC31C /* ApiCurrenciesGatewaySpy.swift */ = {isa = PBXFileReference; lastKnownFileType = sourcecode.swift; path = ApiCurrenciesGatewaySpy.swift; sourceTree = "<group>"; };
		7346E85C233517BB00AEC31C /* CacheCurrenciesGatewayTest.swift */ = {isa = PBXFileReference; lastKnownFileType = sourcecode.swift; path = CacheCurrenciesGatewayTest.swift; sourceTree = "<group>"; };
		7346E85E2335194B00AEC31C /* LocalPersistCurrenciesGatewayTest.swift */ = {isa = PBXFileReference; lastKnownFileType = sourcecode.swift; path = LocalPersistCurrenciesGatewayTest.swift; sourceTree = "<group>"; };
		734BA0FE1F5C03A00006B3D4 /* CacheCurrenciesGateway.swift */ = {isa = PBXFileReference; fileEncoding = 4; lastKnownFileType = sourcecode.swift; path = CacheCurrenciesGateway.swift; sourceTree = "<group>"; };
		7370A2251F682B400062C4F9 /* Constants.swift */ = {isa = PBXFileReference; fileEncoding = 4; lastKnownFileType = sourcecode.swift; path = Constants.swift; sourceTree = "<group>"; };
		738485942335BB6E00D3CA86 /* CurrenciesGatewaySpy.swift */ = {isa = PBXFileReference; lastKnownFileType = sourcecode.swift; path = CurrenciesGatewaySpy.swift; sourceTree = "<group>"; };
		73880E081F8670FA005E24FB /* Tests.xctest */ = {isa = PBXFileReference; explicitFileType = wrapper.cfbundle; includeInIndex = 0; path = Tests.xctest; sourceTree = BUILT_PRODUCTS_DIR; };
		73880E0C1F8670FA005E24FB /* Info.plist */ = {isa = PBXFileReference; lastKnownFileType = text.plist.xml; path = Info.plist; sourceTree = "<group>"; };
		739827EE1F56EC7A00730BE6 /* CurrenciesGateway.swift */ = {isa = PBXFileReference; fileEncoding = 4; lastKnownFileType = sourcecode.swift; path = CurrenciesGateway.swift; sourceTree = "<group>"; };
		739827F21F56FF2B00730BE6 /* ApiCurrenciesGateway.swift */ = {isa = PBXFileReference; fileEncoding = 4; lastKnownFileType = sourcecode.swift; path = ApiCurrenciesGateway.swift; sourceTree = "<group>"; };
		73D3803B255429F7000F18BE /* transactions_2.json */ = {isa = PBXFileReference; fileEncoding = 4; lastKnownFileType = text.json; path = transactions_2.json; sourceTree = "<group>"; };
		73D3803C255429F7000F18BE /* accounts.json */ = {isa = PBXFileReference; fileEncoding = 4; lastKnownFileType = text.json; path = accounts.json; sourceTree = "<group>"; };
		73D3803D255429F7000F18BE /* transactions_1.json */ = {isa = PBXFileReference; fileEncoding = 4; lastKnownFileType = text.json; path = transactions_1.json; sourceTree = "<group>"; };
		73D3803E255429F7000F18BE /* transactions_3.json */ = {isa = PBXFileReference; fileEncoding = 4; lastKnownFileType = text.json; path = transactions_3.json; sourceTree = "<group>"; };
		73D3805825543335000F18BE /* GetAccountsApiRequest.swift */ = {isa = PBXFileReference; lastKnownFileType = sourcecode.swift; path = GetAccountsApiRequest.swift; sourceTree = "<group>"; };
		73D3805C25543353000F18BE /* GetTransactionsApiRequest.swift */ = {isa = PBXFileReference; lastKnownFileType = sourcecode.swift; path = GetTransactionsApiRequest.swift; sourceTree = "<group>"; };
		73D3806225543B4C000F18BE /* GetAccountsResponse.swift */ = {isa = PBXFileReference; lastKnownFileType = sourcecode.swift; path = GetAccountsResponse.swift; sourceTree = "<group>"; };
		73D3806625543B58000F18BE /* GetTransactionsResponse.swift */ = {isa = PBXFileReference; lastKnownFileType = sourcecode.swift; path = GetTransactionsResponse.swift; sourceTree = "<group>"; };
		73D3806A25543BD2000F18BE /* Account.swift */ = {isa = PBXFileReference; lastKnownFileType = sourcecode.swift; path = Account.swift; sourceTree = "<group>"; };
		73D3806E25543BE2000F18BE /* Transaction.swift */ = {isa = PBXFileReference; lastKnownFileType = sourcecode.swift; path = Transaction.swift; sourceTree = "<group>"; };
		73D3807425543FC0000F18BE /* GetTransactions.swift */ = {isa = PBXFileReference; lastKnownFileType = sourcecode.swift; path = GetTransactions.swift; sourceTree = "<group>"; };
		73E4836E2556A68B00B25D40 /* TableSection.swift */ = {isa = PBXFileReference; lastKnownFileType = sourcecode.swift; path = TableSection.swift; sourceTree = "<group>"; };
		9E885B9D059B61870304B87E /* Pods-Currency.debug.xcconfig */ = {isa = PBXFileReference; includeInIndex = 1; lastKnownFileType = text.xcconfig; name = "Pods-Currency.debug.xcconfig"; path = "Pods/Target Support Files/Pods-Currency/Pods-Currency.debug.xcconfig"; sourceTree = "<group>"; };
		A68F508D2F229B59FEE97423 /* Pods-Tests.release.xcconfig */ = {isa = PBXFileReference; includeInIndex = 1; lastKnownFileType = text.xcconfig; name = "Pods-Tests.release.xcconfig"; path = "Pods/Target Support Files/Pods-Tests/Pods-Tests.release.xcconfig"; sourceTree = "<group>"; };
		BD0855D0FDA3E8272FF3CEAA /* Pods-Currency.release.xcconfig */ = {isa = PBXFileReference; includeInIndex = 1; lastKnownFileType = text.xcconfig; name = "Pods-Currency.release.xcconfig"; path = "Pods/Target Support Files/Pods-Currency/Pods-Currency.release.xcconfig"; sourceTree = "<group>"; };
		CA699B7C93CAEB78E3124608 /* libPods-Currency.a */ = {isa = PBXFileReference; explicitFileType = archive.ar; includeInIndex = 0; path = "libPods-Currency.a"; sourceTree = BUILT_PRODUCTS_DIR; };
/* End PBXFileReference section */

/* Begin PBXFrameworksBuildPhase section */
		2FC6C4681E60B542005539F5 /* Frameworks */ = {
			isa = PBXFrameworksBuildPhase;
			buildActionMask = 2147483647;
			files = (
				3197DD2FBB25FAFFDAE2B0B7 /* libPods-Currency.a in Frameworks */,
			);
			runOnlyForDeploymentPostprocessing = 0;
		};
		73880E051F8670FA005E24FB /* Frameworks */ = {
			isa = PBXFrameworksBuildPhase;
			buildActionMask = 2147483647;
			files = (
				29F9D21005C7875678FB2B4D /* libPods-Tests.a in Frameworks */,
			);
			runOnlyForDeploymentPostprocessing = 0;
		};
/* End PBXFrameworksBuildPhase section */

/* Begin PBXGroup section */
		1F51DD334DD488221415EF6A /* Pods */ = {
			isa = PBXGroup;
			children = (
				9E885B9D059B61870304B87E /* Pods-Currency.debug.xcconfig */,
				BD0855D0FDA3E8272FF3CEAA /* Pods-Currency.release.xcconfig */,
				3DA892778BA41E00AECECAB0 /* Pods-Tests.debug.xcconfig */,
				A68F508D2F229B59FEE97423 /* Pods-Tests.release.xcconfig */,
			);
			name = Pods;
			sourceTree = "<group>";
		};
		2FC6C4621E60B542005539F5 = {
			isa = PBXGroup;
			children = (
				2FC6C46D1E60B542005539F5 /* Currency */,
				73880E091F8670FA005E24FB /* Tests */,
				2FC6C46C1E60B542005539F5 /* Products */,
				1F51DD334DD488221415EF6A /* Pods */,
				CB107EF4A48C0E27C185BAE2 /* Frameworks */,
			);
			sourceTree = "<group>";
		};
		2FC6C46C1E60B542005539F5 /* Products */ = {
			isa = PBXGroup;
			children = (
				2FC6C46B1E60B542005539F5 /* Currency.app */,
				73880E081F8670FA005E24FB /* Tests.xctest */,
			);
			name = Products;
			sourceTree = "<group>";
		};
		2FC6C46D1E60B542005539F5 /* Currency */ = {
			isa = PBXGroup;
			children = (
				2FC6C4921E60B593005539F5 /* Core */,
				2FC6C4931E60B597005539F5 /* Scenes */,
				2FC6C4911E60B586005539F5 /* EntityGateway */,
				739D8A261FADBA4F000B279B /* View */,
				2FC6C4941E60B59E005539F5 /* Other */,
				2FC6C46E1E60B542005539F5 /* AppDelegate.swift */,
				2FC6C4781E60B542005539F5 /* Assets.xcassets */,
				2FC6C47D1E60B542005539F5 /* Info.plist */,
			);
			path = Currency;
			sourceTree = "<group>";
		};
		2FC6C4911E60B586005539F5 /* EntityGateway */ = {
			isa = PBXGroup;
			children = (
				2FC6C49B1E60B603005539F5 /* API */,
				2FC6C4991E60B5EA005539F5 /* Cache */,
				7336F40A233276AC00E63E83 /* LocalPersist */,
			);
			name = EntityGateway;
			sourceTree = "<group>";
		};
		2FC6C4921E60B593005539F5 /* Core */ = {
			isa = PBXGroup;
			children = (
				2FC6C4A21E60B65E005539F5 /* Result.swift */,
				2FC6C4A61E60B685005539F5 /* Entities */,
				2FC6C4A41E60B671005539F5 /* Gateways */,
				2FC6C4A51E60B678005539F5 /* UseCases */,
			);
			name = Core;
			sourceTree = "<group>";
		};
		2FC6C4931E60B597005539F5 /* Scenes */ = {
			isa = PBXGroup;
			children = (
				730DDBB725556E6E0067128E /* Accounts */,
				730DDBB825556E7A0067128E /* Transactions */,
			);
			name = Scenes;
			sourceTree = "<group>";
		};
		2FC6C4941E60B59E005539F5 /* Other */ = {
			isa = PBXGroup;
			children = (
				7370A2251F682B400062C4F9 /* Constants.swift */,
				73E4836E2556A68B00B25D40 /* TableSection.swift */,
				2F3D6B7F1E61A37400CF7881 /* UIViewController+Alert.swift */,
				2FC6C4961E60B5C4005539F5 /* ViewRouter.swift */,
			);
			name = Other;
			sourceTree = "<group>";
		};
		2FC6C4991E60B5EA005539F5 /* Cache */ = {
			isa = PBXGroup;
			children = (
				734BA0FE1F5C03A00006B3D4 /* CacheCurrenciesGateway.swift */,
			);
			name = Cache;
			sourceTree = "<group>";
		};
		2FC6C49B1E60B603005539F5 /* API */ = {
			isa = PBXGroup;
			children = (
				2FC6C4B51E60B766005539F5 /* Requests */,
				2FC6C4B01E60B741005539F5 /* Gateways */,
				2FC6C4AF1E60B73A005539F5 /* Entities */,
				7333A3EB1F5AD45F00996C84 /* ApiRequest.swift */,
				2F3D6B851E61D0AC00CF7881 /* ApiClient.swift */,
			);
			name = API;
			sourceTree = "<group>";
		};
		2FC6C4A41E60B671005539F5 /* Gateways */ = {
			isa = PBXGroup;
			children = (
				739827EE1F56EC7A00730BE6 /* CurrenciesGateway.swift */,
			);
			name = Gateways;
			sourceTree = "<group>";
		};
		2FC6C4A51E60B678005539F5 /* UseCases */ = {
			isa = PBXGroup;
			children = (
				730DDBE1255570FA0067128E /* GetAccounts.swift */,
				73D3807425543FC0000F18BE /* GetTransactions.swift */,
			);
			name = UseCases;
			sourceTree = "<group>";
		};
		2FC6C4A61E60B685005539F5 /* Entities */ = {
			isa = PBXGroup;
			children = (
				73D3806A25543BD2000F18BE /* Account.swift */,
				73D3806E25543BE2000F18BE /* Transaction.swift */,
			);
			name = Entities;
			sourceTree = "<group>";
		};
		2FC6C4AF1E60B73A005539F5 /* Entities */ = {
			isa = PBXGroup;
			children = (
				73D3806225543B4C000F18BE /* GetAccountsResponse.swift */,
				73D3806625543B58000F18BE /* GetTransactionsResponse.swift */,
			);
			name = Entities;
			sourceTree = "<group>";
		};
		2FC6C4B01E60B741005539F5 /* Gateways */ = {
			isa = PBXGroup;
			children = (
				739827F21F56FF2B00730BE6 /* ApiCurrenciesGateway.swift */,
			);
			name = Gateways;
			sourceTree = "<group>";
		};
		2FC6C4B51E60B766005539F5 /* Requests */ = {
			isa = PBXGroup;
			children = (
				73D3805825543335000F18BE /* GetAccountsApiRequest.swift */,
				73D3805C25543353000F18BE /* GetTransactionsApiRequest.swift */,
			);
			name = Requests;
			sourceTree = "<group>";
		};
		730DDBB725556E6E0067128E /* Accounts */ = {
			isa = PBXGroup;
			children = (
				730DDBB925556EA50067128E /* AccountsViewController.swift */,
				730DDBBD25556EB20067128E /* AccountsPresenter.swift */,
				730DDBC125556ECA0067128E /* AccountsRouter.swift */,
				730DDBC525556EDF0067128E /* AccountsConfigurator.swift */,
				730DDBC925556EEC0067128E /* AccountCell.swift */,
			);
			name = Accounts;
			sourceTree = "<group>";
		};
		730DDBB825556E7A0067128E /* Transactions */ = {
			isa = PBXGroup;
			children = (
				730DDBCD25556F0D0067128E /* TransactionsViewController.swift */,
				730DDBD125556F160067128E /* TransactionsPresenter.swift */,
				730DDBD525556F210067128E /* TransactionsRouter.swift */,
				730DDBD925556F2D0067128E /* TransactionsConfigurator.swift */,
				730DDBDD25556F370067128E /* TransactionCell.swift */,
			);
			name = Transactions;
			sourceTree = "<group>";
		};
		7310E7D02335D19700F275DF /* Routers */ = {
			isa = PBXGroup;
			children = (
				730D4B2C25566F5000D6F67E /* AccountsRouterSpy.swift */,
				730CE23D25594A6000EDBF73 /* TransactionsRouterSpy.swift */,
			);
			path = Routers;
			sourceTree = "<group>";
		};
		7336F3FC23326F9A00E63E83 /* Gateways */ = {
			isa = PBXGroup;
			children = (
				7346E85C233517BB00AEC31C /* CacheCurrenciesGatewayTest.swift */,
				7346E85E2335194B00AEC31C /* LocalPersistCurrenciesGatewayTest.swift */,
			);
			path = Gateways;
			sourceTree = "<group>";
		};
		7336F3FD23326FA500E63E83 /* Helpers */ = {
			isa = PBXGroup;
			children = (
				7310E7D02335D19700F275DF /* Routers */,
				7336F3FF23326FB100E63E83 /* UseCases */,
				7346E859233516AD00AEC31C /* Views */,
				7346E8542335166B00AEC31C /* Gateways */,
				7346E8512335130900AEC31C /* Presenters */,
				7310E7CC2335CC9400F275DF /* Helpers.swift */,
				730CE2312559495900EDBF73 /* XCTestHelpers.swift */,
			);
			path = Helpers;
			sourceTree = "<group>";
		};
		7336F3FE23326FAC00E63E83 /* Presenters */ = {
			isa = PBXGroup;
			children = (
				730D4B1C25566D5400D6F67E /* AccountsPresenterTest.swift */,
				730CE23525594A0200EDBF73 /* TransactionsPresenterTest.swift */,
			);
			path = Presenters;
			sourceTree = "<group>";
		};
		7336F3FF23326FB100E63E83 /* UseCases */ = {
			isa = PBXGroup;
			children = (
				730D4B2025566DAC00D6F67E /* GetAccountsUseCaseSpy.swift */,
				730CE22D255940FA00EDBF73 /* GetTransactionsUseCaseSpy.swift */,
			);
			path = UseCases;
			sourceTree = "<group>";
		};
		7336F40A233276AC00E63E83 /* LocalPersist */ = {
			isa = PBXGroup;
			children = (
				73316B2A2333A53700394C5F /* LocalPersistCurrenciesGateway.swift */,
			);
			name = LocalPersist;
			sourceTree = "<group>";
		};
		7346E8512335130900AEC31C /* Presenters */ = {
			isa = PBXGroup;
			children = (
				730D4B1825566BEA00D6F67E /* AccountsPresenterStub.swift */,
				730CE23925594A1B00EDBF73 /* TransactionsPresenterStub.swift */,
			);
			path = Presenters;
			sourceTree = "<group>";
		};
		7346E8542335166B00AEC31C /* Gateways */ = {
			isa = PBXGroup;
			children = (
				7346E8552335168900AEC31C /* LocalPersistCurrenciesGatewaySpy.swift */,
				7346E857233516A000AEC31C /* ApiCurrenciesGatewaySpy.swift */,
				738485942335BB6E00D3CA86 /* CurrenciesGatewaySpy.swift */,
			);
			path = Gateways;
			sourceTree = "<group>";
		};
		7346E859233516AD00AEC31C /* Views */ = {
			isa = PBXGroup;
			children = (
				730D4B2425566E2A00D6F67E /* AccountsViewSpy.swift */,
				730D4B2825566E3500D6F67E /* AccountCellSpy.swift */,
				730CE24125594B3900EDBF73 /* TransactionsViewSpy.swift */,
			);
			path = Views;
			sourceTree = "<group>";
		};
		738485962335BDDC00D3CA86 /* UseCases */ = {
			isa = PBXGroup;
			children = (
				730D4B3025567AB900D6F67E /* GetAccountsUseCaseTest.swift */,
				730CE2292559406600EDBF73 /* GetTransactionsUseCaseTest.swift */,
			);
			path = UseCases;
			sourceTree = "<group>";
		};
		73880E091F8670FA005E24FB /* Tests */ = {
			isa = PBXGroup;
			children = (
				73D3803C255429F7000F18BE /* accounts.json */,
				73D3803D255429F7000F18BE /* transactions_1.json */,
				73D3803B255429F7000F18BE /* transactions_2.json */,
				73D3803E255429F7000F18BE /* transactions_3.json */,
				73880E0C1F8670FA005E24FB /* Info.plist */,
				7336F3FC23326F9A00E63E83 /* Gateways */,
				7336F3FD23326FA500E63E83 /* Helpers */,
				7336F3FE23326FAC00E63E83 /* Presenters */,
				738485962335BDDC00D3CA86 /* UseCases */,
			);
			path = Tests;
			sourceTree = "<group>";
		};
		739D8A261FADBA4F000B279B /* View */ = {
			isa = PBXGroup;
			children = (
				2FC6C4721E60B542005539F5 /* Main.storyboard */,
			);
			name = View;
			sourceTree = "<group>";
		};
		CB107EF4A48C0E27C185BAE2 /* Frameworks */ = {
			isa = PBXGroup;
			children = (
				CA699B7C93CAEB78E3124608 /* libPods-Currency.a */,
				59BD818E474FFC16554DD063 /* libPods-Tests.a */,
			);
			name = Frameworks;
			sourceTree = "<group>";
		};
/* End PBXGroup section */

/* Begin PBXNativeTarget section */
		2FC6C46A1E60B542005539F5 /* Currency */ = {
			isa = PBXNativeTarget;
			buildConfigurationList = 2FC6C48B1E60B542005539F5 /* Build configuration list for PBXNativeTarget "Currency" */;
			buildPhases = (
				57A7080D444480FD5DE36C78 /* [CP] Check Pods Manifest.lock */,
				2FC6C4671E60B542005539F5 /* Sources */,
				2FC6C4681E60B542005539F5 /* Frameworks */,
				2FC6C4691E60B542005539F5 /* Resources */,
			);
			buildRules = (
			);
			dependencies = (
			);
			name = Currency;
			productName = Library;
			productReference = 2FC6C46B1E60B542005539F5 /* Currency.app */;
			productType = "com.apple.product-type.application";
		};
		73880E071F8670FA005E24FB /* Tests */ = {
			isa = PBXNativeTarget;
			buildConfigurationList = 73880E111F8670FA005E24FB /* Build configuration list for PBXNativeTarget "Tests" */;
			buildPhases = (
				35757BED610F0BDA81E73495 /* [CP] Check Pods Manifest.lock */,
				73880E041F8670FA005E24FB /* Sources */,
				73880E051F8670FA005E24FB /* Frameworks */,
				73880E061F8670FA005E24FB /* Resources */,
			);
			buildRules = (
			);
			dependencies = (
				73880E0E1F8670FA005E24FB /* PBXTargetDependency */,
			);
			name = Tests;
			productName = Tests;
			productReference = 73880E081F8670FA005E24FB /* Tests.xctest */;
			productType = "com.apple.product-type.bundle.unit-test";
		};
/* End PBXNativeTarget section */

/* Begin PBXProject section */
		2FC6C4631E60B542005539F5 /* Project object */ = {
			isa = PBXProject;
			attributes = {
				LastSwiftUpdateCheck = 0900;
				LastUpgradeCheck = 1210;
				ORGANIZATIONNAME = "Aaron Lee";
				TargetAttributes = {
					2FC6C46A1E60B542005539F5 = {
						CreatedOnToolsVersion = 8.2.1;
						LastSwiftMigration = 0900;
						ProvisioningStyle = Automatic;
					};
					73880E071F8670FA005E24FB = {
						CreatedOnToolsVersion = 9.0;
						ProvisioningStyle = Automatic;
						TestTargetID = 2FC6C46A1E60B542005539F5;
					};
				};
			};
			buildConfigurationList = 2FC6C4661E60B542005539F5 /* Build configuration list for PBXProject "Currency" */;
			compatibilityVersion = "Xcode 3.2";
			developmentRegion = en;
			hasScannedForEncodings = 0;
			knownRegions = (
				en,
				Base,
			);
			mainGroup = 2FC6C4621E60B542005539F5;
			productRefGroup = 2FC6C46C1E60B542005539F5 /* Products */;
			projectDirPath = "";
			projectRoot = "";
			targets = (
				2FC6C46A1E60B542005539F5 /* Currency */,
				73880E071F8670FA005E24FB /* Tests */,
			);
		};
/* End PBXProject section */

/* Begin PBXResourcesBuildPhase section */
		2FC6C4691E60B542005539F5 /* Resources */ = {
			isa = PBXResourcesBuildPhase;
			buildActionMask = 2147483647;
			files = (
				73D38045255429F7000F18BE /* transactions_3.json in Resources */,
				73D3803F255429F7000F18BE /* transactions_2.json in Resources */,
				73D38041255429F7000F18BE /* accounts.json in Resources */,
				2FC6C4791E60B542005539F5 /* Assets.xcassets in Resources */,
				73D38043255429F7000F18BE /* transactions_1.json in Resources */,
				2FC6C4741E60B542005539F5 /* Main.storyboard in Resources */,
			);
			runOnlyForDeploymentPostprocessing = 0;
		};
		73880E061F8670FA005E24FB /* Resources */ = {
			isa = PBXResourcesBuildPhase;
			buildActionMask = 2147483647;
			files = (
				73D38040255429F7000F18BE /* transactions_2.json in Resources */,
				73D38046255429F7000F18BE /* transactions_3.json in Resources */,
				73D38044255429F7000F18BE /* transactions_1.json in Resources */,
				73D38042255429F7000F18BE /* accounts.json in Resources */,
			);
			runOnlyForDeploymentPostprocessing = 0;
		};
/* End PBXResourcesBuildPhase section */

/* Begin PBXShellScriptBuildPhase section */
		35757BED610F0BDA81E73495 /* [CP] Check Pods Manifest.lock */ = {
			isa = PBXShellScriptBuildPhase;
			buildActionMask = 2147483647;
			files = (
			);
			inputFileListPaths = (
			);
			inputPaths = (
				"${PODS_PODFILE_DIR_PATH}/Podfile.lock",
				"${PODS_ROOT}/Manifest.lock",
			);
			name = "[CP] Check Pods Manifest.lock";
			outputFileListPaths = (
			);
			outputPaths = (
				"$(DERIVED_FILE_DIR)/Pods-Tests-checkManifestLockResult.txt",
			);
			runOnlyForDeploymentPostprocessing = 0;
			shellPath = /bin/sh;
			shellScript = "diff \"${PODS_PODFILE_DIR_PATH}/Podfile.lock\" \"${PODS_ROOT}/Manifest.lock\" > /dev/null\nif [ $? != 0 ] ; then\n    # print error to STDERR\n    echo \"error: The sandbox is not in sync with the Podfile.lock. Run 'pod install' or update your CocoaPods installation.\" >&2\n    exit 1\nfi\n# This output is used by Xcode 'outputs' to avoid re-running this script phase.\necho \"SUCCESS\" > \"${SCRIPT_OUTPUT_FILE_0}\"\n";
			showEnvVarsInLog = 0;
		};
		57A7080D444480FD5DE36C78 /* [CP] Check Pods Manifest.lock */ = {
			isa = PBXShellScriptBuildPhase;
			buildActionMask = 2147483647;
			files = (
			);
			inputPaths = (
				"${PODS_PODFILE_DIR_PATH}/Podfile.lock",
				"${PODS_ROOT}/Manifest.lock",
			);
			name = "[CP] Check Pods Manifest.lock";
			outputPaths = (
				"$(DERIVED_FILE_DIR)/Pods-Currency-checkManifestLockResult.txt",
			);
			runOnlyForDeploymentPostprocessing = 0;
			shellPath = /bin/sh;
			shellScript = "diff \"${PODS_PODFILE_DIR_PATH}/Podfile.lock\" \"${PODS_ROOT}/Manifest.lock\" > /dev/null\nif [ $? != 0 ] ; then\n    # print error to STDERR\n    echo \"error: The sandbox is not in sync with the Podfile.lock. Run 'pod install' or update your CocoaPods installation.\" >&2\n    exit 1\nfi\n# This output is used by Xcode 'outputs' to avoid re-running this script phase.\necho \"SUCCESS\" > \"${SCRIPT_OUTPUT_FILE_0}\"\n";
			showEnvVarsInLog = 0;
		};
/* End PBXShellScriptBuildPhase section */

/* Begin PBXSourcesBuildPhase section */
		2FC6C4671E60B542005539F5 /* Sources */ = {
			isa = PBXSourcesBuildPhase;
			buildActionMask = 2147483647;
			files = (
				730DDBCA25556EEC0067128E /* AccountCell.swift in Sources */,
				73316B2B2333A53700394C5F /* LocalPersistCurrenciesGateway.swift in Sources */,
				730DDBC625556EDF0067128E /* AccountsConfigurator.swift in Sources */,
				730DDBE2255570FA0067128E /* GetAccounts.swift in Sources */,
				2FC6C46F1E60B542005539F5 /* AppDelegate.swift in Sources */,
				730DDBBE25556EB20067128E /* AccountsPresenter.swift in Sources */,
				730DDBCE25556F0D0067128E /* TransactionsViewController.swift in Sources */,
				7370A2261F682B400062C4F9 /* Constants.swift in Sources */,
				2F3D6B861E61D0AC00CF7881 /* ApiClient.swift in Sources */,
				730DDBC225556ECA0067128E /* AccountsRouter.swift in Sources */,
				739827F31F56FF2B00730BE6 /* ApiCurrenciesGateway.swift in Sources */,
				73D3806725543B58000F18BE /* GetTransactionsResponse.swift in Sources */,
				7333A3EC1F5AD45F00996C84 /* ApiRequest.swift in Sources */,
				73D3806B25543BD2000F18BE /* Account.swift in Sources */,
				73D3805925543335000F18BE /* GetAccountsApiRequest.swift in Sources */,
				2FC6C4A31E60B65E005539F5 /* Result.swift in Sources */,
				73D3805D25543353000F18BE /* GetTransactionsApiRequest.swift in Sources */,
				730DDBD625556F210067128E /* TransactionsRouter.swift in Sources */,
				73D3806F25543BE2000F18BE /* Transaction.swift in Sources */,
				2F3D6B801E61A37400CF7881 /* UIViewController+Alert.swift in Sources */,
				739827EF1F56EC7A00730BE6 /* CurrenciesGateway.swift in Sources */,
				730DDBDE25556F370067128E /* TransactionCell.swift in Sources */,
				2FC6C4981E60B5C4005539F5 /* ViewRouter.swift in Sources */,
				73D3807525543FC0000F18BE /* GetTransactions.swift in Sources */,
				730DDBD225556F160067128E /* TransactionsPresenter.swift in Sources */,
				730DDBBA25556EA50067128E /* AccountsViewController.swift in Sources */,
				73E4836F2556A68B00B25D40 /* TableSection.swift in Sources */,
				730DDBDA25556F2D0067128E /* TransactionsConfigurator.swift in Sources */,
				734BA0FF1F5C03A00006B3D4 /* CacheCurrenciesGateway.swift in Sources */,
				73D3806325543B4C000F18BE /* GetAccountsResponse.swift in Sources */,
			);
			runOnlyForDeploymentPostprocessing = 0;
		};
		73880E041F8670FA005E24FB /* Sources */ = {
			isa = PBXSourcesBuildPhase;
			buildActionMask = 2147483647;
			files = (
				730CE22E255940FA00EDBF73 /* GetTransactionsUseCaseSpy.swift in Sources */,
				7346E85D233517BB00AEC31C /* CacheCurrenciesGatewayTest.swift in Sources */,
				7346E8562335168900AEC31C /* LocalPersistCurrenciesGatewaySpy.swift in Sources */,
				730D4B3125567AB900D6F67E /* GetAccountsUseCaseTest.swift in Sources */,
				730CE24225594B3900EDBF73 /* TransactionsViewSpy.swift in Sources */,
				730D4B2525566E2A00D6F67E /* AccountsViewSpy.swift in Sources */,
				730D4B2925566E3500D6F67E /* AccountCellSpy.swift in Sources */,
				7346E85F2335194B00AEC31C /* LocalPersistCurrenciesGatewayTest.swift in Sources */,
				730CE23E25594A6000EDBF73 /* TransactionsRouterSpy.swift in Sources */,
				730CE23625594A0200EDBF73 /* TransactionsPresenterTest.swift in Sources */,
				730CE22A2559406600EDBF73 /* GetTransactionsUseCaseTest.swift in Sources */,
				7346E858233516A000AEC31C /* ApiCurrenciesGatewaySpy.swift in Sources */,
				7310E7CD2335CC9400F275DF /* Helpers.swift in Sources */,
				730D4B1925566BEA00D6F67E /* AccountsPresenterStub.swift in Sources */,
				738485952335BB6E00D3CA86 /* CurrenciesGatewaySpy.swift in Sources */,
				730CE2322559495900EDBF73 /* XCTestHelpers.swift in Sources */,
				730D4B2125566DAC00D6F67E /* GetAccountsUseCaseSpy.swift in Sources */,
				730CE23A25594A1B00EDBF73 /* TransactionsPresenterStub.swift in Sources */,
				730D4B1D25566D5400D6F67E /* AccountsPresenterTest.swift in Sources */,
				730D4B2D25566F5000D6F67E /* AccountsRouterSpy.swift in Sources */,
			);
			runOnlyForDeploymentPostprocessing = 0;
		};
/* End PBXSourcesBuildPhase section */

/* Begin PBXTargetDependency section */
		73880E0E1F8670FA005E24FB /* PBXTargetDependency */ = {
			isa = PBXTargetDependency;
			target = 2FC6C46A1E60B542005539F5 /* Currency */;
			targetProxy = 73880E0D1F8670FA005E24FB /* PBXContainerItemProxy */;
		};
/* End PBXTargetDependency section */

/* Begin PBXVariantGroup section */
		2FC6C4721E60B542005539F5 /* Main.storyboard */ = {
			isa = PBXVariantGroup;
			children = (
				2FC6C4731E60B542005539F5 /* Base */,
			);
			name = Main.storyboard;
			sourceTree = "<group>";
		};
/* End PBXVariantGroup section */

/* Begin XCBuildConfiguration section */
		2FC6C4891E60B542005539F5 /* Debug */ = {
			isa = XCBuildConfiguration;
			buildSettings = {
				ALWAYS_SEARCH_USER_PATHS = NO;
				CLANG_ANALYZER_LOCALIZABILITY_NONLOCALIZED = YES;
				CLANG_ANALYZER_NONNULL = YES;
				CLANG_CXX_LANGUAGE_STANDARD = "gnu++0x";
				CLANG_CXX_LIBRARY = "libc++";
				CLANG_ENABLE_MODULES = YES;
				CLANG_ENABLE_OBJC_ARC = YES;
				CLANG_WARN_BLOCK_CAPTURE_AUTORELEASING = YES;
				CLANG_WARN_BOOL_CONVERSION = YES;
				CLANG_WARN_COMMA = YES;
				CLANG_WARN_CONSTANT_CONVERSION = YES;
				CLANG_WARN_DEPRECATED_OBJC_IMPLEMENTATIONS = YES;
				CLANG_WARN_DIRECT_OBJC_ISA_USAGE = YES_ERROR;
				CLANG_WARN_DOCUMENTATION_COMMENTS = YES;
				CLANG_WARN_EMPTY_BODY = YES;
				CLANG_WARN_ENUM_CONVERSION = YES;
				CLANG_WARN_INFINITE_RECURSION = YES;
				CLANG_WARN_INT_CONVERSION = YES;
				CLANG_WARN_NON_LITERAL_NULL_CONVERSION = YES;
				CLANG_WARN_OBJC_IMPLICIT_RETAIN_SELF = YES;
				CLANG_WARN_OBJC_LITERAL_CONVERSION = YES;
				CLANG_WARN_OBJC_ROOT_CLASS = YES_ERROR;
				CLANG_WARN_QUOTED_INCLUDE_IN_FRAMEWORK_HEADER = YES;
				CLANG_WARN_RANGE_LOOP_ANALYSIS = YES;
				CLANG_WARN_STRICT_PROTOTYPES = YES;
				CLANG_WARN_SUSPICIOUS_MOVE = YES;
				CLANG_WARN_UNREACHABLE_CODE = YES;
				CLANG_WARN__DUPLICATE_METHOD_MATCH = YES;
				"CODE_SIGN_IDENTITY[sdk=iphoneos*]" = "iPhone Developer";
				COPY_PHASE_STRIP = NO;
				DEBUG_INFORMATION_FORMAT = dwarf;
				ENABLE_STRICT_OBJC_MSGSEND = YES;
				ENABLE_TESTABILITY = YES;
				GCC_C_LANGUAGE_STANDARD = gnu99;
				GCC_DYNAMIC_NO_PIC = NO;
				GCC_NO_COMMON_BLOCKS = YES;
				GCC_OPTIMIZATION_LEVEL = 0;
				GCC_PREPROCESSOR_DEFINITIONS = (
					"DEBUG=1",
					"$(inherited)",
				);
				GCC_WARN_64_TO_32_BIT_CONVERSION = YES;
				GCC_WARN_ABOUT_RETURN_TYPE = YES_ERROR;
				GCC_WARN_UNDECLARED_SELECTOR = YES;
				GCC_WARN_UNINITIALIZED_AUTOS = YES_AGGRESSIVE;
				GCC_WARN_UNUSED_FUNCTION = YES;
				GCC_WARN_UNUSED_VARIABLE = YES;
				IPHONEOS_DEPLOYMENT_TARGET = 12.0;
				MTL_ENABLE_DEBUG_INFO = YES;
				ONLY_ACTIVE_ARCH = YES;
				SDKROOT = iphoneos;
				SWIFT_ACTIVE_COMPILATION_CONDITIONS = DEBUG;
				SWIFT_OPTIMIZATION_LEVEL = "-Onone";
				SWIFT_VERSION = 5.0;
				TARGETED_DEVICE_FAMILY = "1,2";
			};
			name = Debug;
		};
		2FC6C48A1E60B542005539F5 /* Release */ = {
			isa = XCBuildConfiguration;
			buildSettings = {
				ALWAYS_SEARCH_USER_PATHS = NO;
				CLANG_ANALYZER_LOCALIZABILITY_NONLOCALIZED = YES;
				CLANG_ANALYZER_NONNULL = YES;
				CLANG_CXX_LANGUAGE_STANDARD = "gnu++0x";
				CLANG_CXX_LIBRARY = "libc++";
				CLANG_ENABLE_MODULES = YES;
				CLANG_ENABLE_OBJC_ARC = YES;
				CLANG_WARN_BLOCK_CAPTURE_AUTORELEASING = YES;
				CLANG_WARN_BOOL_CONVERSION = YES;
				CLANG_WARN_COMMA = YES;
				CLANG_WARN_CONSTANT_CONVERSION = YES;
				CLANG_WARN_DEPRECATED_OBJC_IMPLEMENTATIONS = YES;
				CLANG_WARN_DIRECT_OBJC_ISA_USAGE = YES_ERROR;
				CLANG_WARN_DOCUMENTATION_COMMENTS = YES;
				CLANG_WARN_EMPTY_BODY = YES;
				CLANG_WARN_ENUM_CONVERSION = YES;
				CLANG_WARN_INFINITE_RECURSION = YES;
				CLANG_WARN_INT_CONVERSION = YES;
				CLANG_WARN_NON_LITERAL_NULL_CONVERSION = YES;
				CLANG_WARN_OBJC_IMPLICIT_RETAIN_SELF = YES;
				CLANG_WARN_OBJC_LITERAL_CONVERSION = YES;
				CLANG_WARN_OBJC_ROOT_CLASS = YES_ERROR;
				CLANG_WARN_QUOTED_INCLUDE_IN_FRAMEWORK_HEADER = YES;
				CLANG_WARN_RANGE_LOOP_ANALYSIS = YES;
				CLANG_WARN_STRICT_PROTOTYPES = YES;
				CLANG_WARN_SUSPICIOUS_MOVE = YES;
				CLANG_WARN_UNREACHABLE_CODE = YES;
				CLANG_WARN__DUPLICATE_METHOD_MATCH = YES;
				"CODE_SIGN_IDENTITY[sdk=iphoneos*]" = "iPhone Developer";
				COPY_PHASE_STRIP = NO;
				DEBUG_INFORMATION_FORMAT = "dwarf-with-dsym";
				ENABLE_NS_ASSERTIONS = NO;
				ENABLE_STRICT_OBJC_MSGSEND = YES;
				GCC_C_LANGUAGE_STANDARD = gnu99;
				GCC_NO_COMMON_BLOCKS = YES;
				GCC_WARN_64_TO_32_BIT_CONVERSION = YES;
				GCC_WARN_ABOUT_RETURN_TYPE = YES_ERROR;
				GCC_WARN_UNDECLARED_SELECTOR = YES;
				GCC_WARN_UNINITIALIZED_AUTOS = YES_AGGRESSIVE;
				GCC_WARN_UNUSED_FUNCTION = YES;
				GCC_WARN_UNUSED_VARIABLE = YES;
				IPHONEOS_DEPLOYMENT_TARGET = 12.0;
				MTL_ENABLE_DEBUG_INFO = NO;
				SDKROOT = iphoneos;
				SWIFT_OPTIMIZATION_LEVEL = "-Owholemodule";
				SWIFT_VERSION = 5.0;
				TARGETED_DEVICE_FAMILY = "1,2";
				VALIDATE_PRODUCT = YES;
			};
			name = Release;
		};
		2FC6C48C1E60B542005539F5 /* Debug */ = {
			isa = XCBuildConfiguration;
			baseConfigurationReference = 9E885B9D059B61870304B87E /* Pods-Currency.debug.xcconfig */;
			buildSettings = {
				ASSETCATALOG_COMPILER_APPICON_NAME = AppIcon;
				INFOPLIST_FILE = "$(PROJECT_DIR)/$(PROJECT_NAME)/Info.plist";
				LD_RUNPATH_SEARCH_PATHS = "$(inherited) @executable_path/Frameworks";
				OTHER_SWIFT_FLAGS = "$(inherited) -D COCOAPODS -Xcc -fmodule-map-file=\"${PODS_CONFIGURATION_BUILD_DIR}/Alamofire/Alamofire.modulemap\" -Xcc -fmodule-map-file=\"${PODS_CONFIGURATION_BUILD_DIR}/Reusable/Reusable.modulemap\" -D APISTUB";
				PRODUCT_BUNDLE_IDENTIFIER = com.onefatgiraffe.currency;
				PRODUCT_NAME = "$(TARGET_NAME)";
			};
			name = Debug;
		};
		2FC6C48D1E60B542005539F5 /* Release */ = {
			isa = XCBuildConfiguration;
			baseConfigurationReference = BD0855D0FDA3E8272FF3CEAA /* Pods-Currency.release.xcconfig */;
			buildSettings = {
				ASSETCATALOG_COMPILER_APPICON_NAME = AppIcon;
				INFOPLIST_FILE = "$(PROJECT_DIR)/$(PROJECT_NAME)/Info.plist";
				LD_RUNPATH_SEARCH_PATHS = "$(inherited) @executable_path/Frameworks";
				OTHER_SWIFT_FLAGS = "$(inherited) -D COCOAPODS -Xcc -fmodule-map-file=\"${PODS_CONFIGURATION_BUILD_DIR}/Alamofire/Alamofire.modulemap\" -Xcc -fmodule-map-file=\"${PODS_CONFIGURATION_BUILD_DIR}/Reusable/Reusable.modulemap\" -D APISTUB";
				PRODUCT_BUNDLE_IDENTIFIER = com.onefatgiraffe.currency;
				PRODUCT_NAME = "$(TARGET_NAME)";
			};
			name = Release;
		};
		73880E0F1F8670FA005E24FB /* Debug */ = {
			isa = XCBuildConfiguration;
			baseConfigurationReference = 3DA892778BA41E00AECECAB0 /* Pods-Tests.debug.xcconfig */;
			buildSettings = {
				BUNDLE_LOADER = "$(TEST_HOST)";
				CLANG_ANALYZER_NUMBER_OBJECT_CONVERSION = YES_AGGRESSIVE;
				CLANG_CXX_LANGUAGE_STANDARD = "gnu++14";
				CLANG_WARN_UNGUARDED_AVAILABILITY = YES_AGGRESSIVE;
				CODE_SIGN_IDENTITY = "iPhone Developer";
				CODE_SIGN_STYLE = Automatic;
				GCC_C_LANGUAGE_STANDARD = gnu11;
				INFOPLIST_FILE = Tests/Info.plist;
				IPHONEOS_DEPLOYMENT_TARGET = 12.0;
				LD_RUNPATH_SEARCH_PATHS = "$(inherited) @executable_path/Frameworks @loader_path/Frameworks";
				PRODUCT_BUNDLE_IDENTIFIER = com.onefatgiraffe.Tests;
				PRODUCT_NAME = "$(TARGET_NAME)";
				TARGETED_DEVICE_FAMILY = "1,2";
				TEST_HOST = "$(BUILT_PRODUCTS_DIR)/Currency.app/Currency";
			};
			name = Debug;
		};
		73880E101F8670FA005E24FB /* Release */ = {
			isa = XCBuildConfiguration;
			baseConfigurationReference = A68F508D2F229B59FEE97423 /* Pods-Tests.release.xcconfig */;
			buildSettings = {
				BUNDLE_LOADER = "$(TEST_HOST)";
				CLANG_ANALYZER_NUMBER_OBJECT_CONVERSION = YES_AGGRESSIVE;
				CLANG_CXX_LANGUAGE_STANDARD = "gnu++14";
				CLANG_WARN_UNGUARDED_AVAILABILITY = YES_AGGRESSIVE;
				CODE_SIGN_IDENTITY = "iPhone Developer";
				CODE_SIGN_STYLE = Automatic;
				GCC_C_LANGUAGE_STANDARD = gnu11;
				INFOPLIST_FILE = Tests/Info.plist;
				IPHONEOS_DEPLOYMENT_TARGET = 12.0;
				LD_RUNPATH_SEARCH_PATHS = "$(inherited) @executable_path/Frameworks @loader_path/Frameworks";
				PRODUCT_BUNDLE_IDENTIFIER = com.onefatgiraffe.Tests;
				PRODUCT_NAME = "$(TARGET_NAME)";
				TARGETED_DEVICE_FAMILY = "1,2";
				TEST_HOST = "$(BUILT_PRODUCTS_DIR)/Currency.app/Currency";
			};
			name = Release;
		};
/* End XCBuildConfiguration section */

/* Begin XCConfigurationList section */
		2FC6C4661E60B542005539F5 /* Build configuration list for PBXProject "Currency" */ = {
			isa = XCConfigurationList;
			buildConfigurations = (
				2FC6C4891E60B542005539F5 /* Debug */,
				2FC6C48A1E60B542005539F5 /* Release */,
			);
			defaultConfigurationIsVisible = 0;
			defaultConfigurationName = Release;
		};
		2FC6C48B1E60B542005539F5 /* Build configuration list for PBXNativeTarget "Currency" */ = {
			isa = XCConfigurationList;
			buildConfigurations = (
				2FC6C48C1E60B542005539F5 /* Debug */,
				2FC6C48D1E60B542005539F5 /* Release */,
			);
			defaultConfigurationIsVisible = 0;
			defaultConfigurationName = Release;
		};
		73880E111F8670FA005E24FB /* Build configuration list for PBXNativeTarget "Tests" */ = {
			isa = XCConfigurationList;
			buildConfigurations = (
				73880E0F1F8670FA005E24FB /* Debug */,
				73880E101F8670FA005E24FB /* Release */,
			);
			defaultConfigurationIsVisible = 0;
			defaultConfigurationName = Release;
		};
/* End XCConfigurationList section */
	};
	rootObject = 2FC6C4631E60B542005539F5 /* Project object */;
}
